// !$*UTF8*$!
{
	archiveVersion = 1;
	classes = {
	};
	objectVersion = 77;
	objects = {

/* Begin PBXBuildFile section */
		291532872CE0EDBA006D72EE /* SwiftUIView.swift in Sources */ = {isa = PBXBuildFile; fileRef = 291532862CE0EDBA006D72EE /* SwiftUIView.swift */; };
		29F799DB2CDA44BC00734846 /* CultreAppApp.swift in Sources */ = {isa = PBXBuildFile; fileRef = 29F799D42CDA44BC00734846 /* CultreAppApp.swift */; };
		29F799DC2CDA44BC00734846 /* CountryModel.swift in Sources */ = {isa = PBXBuildFile; fileRef = 29F799D32CDA44BC00734846 /* CountryModel.swift */; };
		29F799DD2CDA44BC00734846 /* CountryListView.swift in Sources */ = {isa = PBXBuildFile; fileRef = 29F799D22CDA44BC00734846 /* CountryListView.swift */; };
		29F799DE2CDA44BC00734846 /* GifImage.swift in Sources */ = {isa = PBXBuildFile; fileRef = 29F799D62CDA44BC00734846 /* GifImage.swift */; };
		29F799DF2CDA44BC00734846 /* DataLoader.swift in Sources */ = {isa = PBXBuildFile; fileRef = 29F799D52CDA44BC00734846 /* DataLoader.swift */; };
		29F799E02CDA44BC00734846 /* CountryDetailView.swift in Sources */ = {isa = PBXBuildFile; fileRef = 29F799D12CDA44BC00734846 /* CountryDetailView.swift */; };
		29F799E12CDA44BC00734846 /* CounrtyGridView.swift in Sources */ = {isa = PBXBuildFile; fileRef = 29F799CF2CDA44BC00734846 /* CounrtyGridView.swift */; };
		29F799E22CDA44BC00734846 /* countries.json in Resources */ = {isa = PBXBuildFile; fileRef = 29F799D02CDA44BC00734846 /* countries.json */; };
		29F799E32CDA44BC00734846 /* Assets.xcassets in Resources */ = {isa = PBXBuildFile; fileRef = 29F799CC2CDA44BC00734846 /* Assets.xcassets */; };
		29F799E52CDA44BC00734846 /* catagoryContent.json in Resources */ = {isa = PBXBuildFile; fileRef = 29F799CE2CDA44BC00734846 /* catagoryContent.json */; };
		29F799E62CDA44BC00734846 /* catagory.json in Resources */ = {isa = PBXBuildFile; fileRef = 29F799CD2CDA44BC00734846 /* catagory.json */; };
/* End PBXBuildFile section */

/* Begin PBXFileReference section */
		291532862CE0EDBA006D72EE /* SwiftUIView.swift */ = {isa = PBXFileReference; lastKnownFileType = sourcecode.swift; path = SwiftUIView.swift; sourceTree = "<group>"; };
		29A6285D2CAAC7DD00578275 /* CultreApp.app */ = {isa = PBXFileReference; explicitFileType = wrapper.application; includeInIndex = 0; path = CultreApp.app; sourceTree = BUILT_PRODUCTS_DIR; };
		29F799CC2CDA44BC00734846 /* Assets.xcassets */ = {isa = PBXFileReference; lastKnownFileType = folder.assetcatalog; path = Assets.xcassets; sourceTree = "<group>"; };
		29F799CD2CDA44BC00734846 /* catagory.json */ = {isa = PBXFileReference; lastKnownFileType = text.json; path = catagory.json; sourceTree = "<group>"; };
		29F799CE2CDA44BC00734846 /* catagoryContent.json */ = {isa = PBXFileReference; lastKnownFileType = text.json; path = catagoryContent.json; sourceTree = "<group>"; };
		29F799CF2CDA44BC00734846 /* CounrtyGridView.swift */ = {isa = PBXFileReference; lastKnownFileType = sourcecode.swift; path = CounrtyGridView.swift; sourceTree = "<group>"; };
		29F799D02CDA44BC00734846 /* countries.json */ = {isa = PBXFileReference; lastKnownFileType = text.json; path = countries.json; sourceTree = "<group>"; };
		29F799D12CDA44BC00734846 /* CountryDetailView.swift */ = {isa = PBXFileReference; lastKnownFileType = sourcecode.swift; path = CountryDetailView.swift; sourceTree = "<group>"; };
		29F799D22CDA44BC00734846 /* CountryListView.swift */ = {isa = PBXFileReference; lastKnownFileType = sourcecode.swift; path = CountryListView.swift; sourceTree = "<group>"; };
		29F799D32CDA44BC00734846 /* CountryModel.swift */ = {isa = PBXFileReference; lastKnownFileType = sourcecode.swift; path = CountryModel.swift; sourceTree = "<group>"; };
		29F799D42CDA44BC00734846 /* CultreAppApp.swift */ = {isa = PBXFileReference; lastKnownFileType = sourcecode.swift; path = CultreAppApp.swift; sourceTree = "<group>"; };
		29F799D52CDA44BC00734846 /* DataLoader.swift */ = {isa = PBXFileReference; lastKnownFileType = sourcecode.swift; path = DataLoader.swift; sourceTree = "<group>"; };
		29F799D62CDA44BC00734846 /* GifImage.swift */ = {isa = PBXFileReference; lastKnownFileType = sourcecode.swift; path = GifImage.swift; sourceTree = "<group>"; };
/* End PBXFileReference section */

/* Begin PBXFileSystemSynchronizedRootGroup section */
		29A6285F2CAAC7DD00578275 /* CultreApp */ = {
			isa = PBXFileSystemSynchronizedRootGroup;
			path = CultreApp;
			sourceTree = "<group>";
		};
/* End PBXFileSystemSynchronizedRootGroup section */

/* Begin PBXFrameworksBuildPhase section */
		29A6285A2CAAC7DD00578275 /* Frameworks */ = {
			isa = PBXFrameworksBuildPhase;
			buildActionMask = 2147483647;
			files = (
			);
			runOnlyForDeploymentPostprocessing = 0;
		};
/* End PBXFrameworksBuildPhase section */

/* Begin PBXGroup section */
		29A628542CAAC7DD00578275 = {
			isa = PBXGroup;
			children = (
				291532862CE0EDBA006D72EE /* SwiftUIView.swift */,
				29A6285F2CAAC7DD00578275 /* CultreApp */,
				29A6285E2CAAC7DD00578275 /* Products */,
				29F799CC2CDA44BC00734846 /* Assets.xcassets */,
				29F799CD2CDA44BC00734846 /* catagory.json */,
				29F799CE2CDA44BC00734846 /* catagoryContent.json */,
				29F799CF2CDA44BC00734846 /* CounrtyGridView.swift */,
				29F799D02CDA44BC00734846 /* countries.json */,
				29F799D12CDA44BC00734846 /* CountryDetailView.swift */,
				29F799D22CDA44BC00734846 /* CountryListView.swift */,
				29F799D32CDA44BC00734846 /* CountryModel.swift */,
				29F799D42CDA44BC00734846 /* CultreAppApp.swift */,
				29F799D52CDA44BC00734846 /* DataLoader.swift */,
				29F799D62CDA44BC00734846 /* GifImage.swift */,
			);
			sourceTree = "<group>";
		};
		29A6285E2CAAC7DD00578275 /* Products */ = {
			isa = PBXGroup;
			children = (
				29A6285D2CAAC7DD00578275 /* CultreApp.app */,
			);
			name = Products;
			sourceTree = "<group>";
		};
/* End PBXGroup section */

/* Begin PBXNativeTarget section */
		29A6285C2CAAC7DD00578275 /* CultreApp */ = {
			isa = PBXNativeTarget;
			buildConfigurationList = 29A6286B2CAAC7DF00578275 /* Build configuration list for PBXNativeTarget "CultreApp" */;
			buildPhases = (
				29A628592CAAC7DD00578275 /* Sources */,
				29A6285A2CAAC7DD00578275 /* Frameworks */,
				29A6285B2CAAC7DD00578275 /* Resources */,
			);
			buildRules = (
			);
			dependencies = (
			);
			fileSystemSynchronizedGroups = (
				29A6285F2CAAC7DD00578275 /* CultreApp */,
			);
			name = CultreApp;
			packageProductDependencies = (
			);
			productName = CultreApp;
			productReference = 29A6285D2CAAC7DD00578275 /* CultreApp.app */;
			productType = "com.apple.product-type.application";
		};
/* End PBXNativeTarget section */

/* Begin PBXProject section */
		29A628552CAAC7DD00578275 /* Project object */ = {
			isa = PBXProject;
			attributes = {
				BuildIndependentTargetsInParallel = 1;
				LastSwiftUpdateCheck = 1600;
				LastUpgradeCheck = 1600;
				TargetAttributes = {
					29A6285C2CAAC7DD00578275 = {
						CreatedOnToolsVersion = 16.0;
						LastSwiftMigration = 1610;
					};
				};
			};
			buildConfigurationList = 29A628582CAAC7DD00578275 /* Build configuration list for PBXProject "CultreApp" */;
			developmentRegion = en;
			hasScannedForEncodings = 0;
			knownRegions = (
				en,
				Base,
			);
			mainGroup = 29A628542CAAC7DD00578275;
			minimizedProjectReferenceProxies = 1;
			preferredProjectObjectVersion = 77;
			productRefGroup = 29A6285E2CAAC7DD00578275 /* Products */;
			projectDirPath = "";
			projectRoot = "";
			targets = (
				29A6285C2CAAC7DD00578275 /* CultreApp */,
			);
		};
/* End PBXProject section */

/* Begin PBXResourcesBuildPhase section */
		29A6285B2CAAC7DD00578275 /* Resources */ = {
			isa = PBXResourcesBuildPhase;
			buildActionMask = 2147483647;
			files = (
				29F799E22CDA44BC00734846 /* countries.json in Resources */,
				29F799E32CDA44BC00734846 /* Assets.xcassets in Resources */,
				29F799E52CDA44BC00734846 /* catagoryContent.json in Resources */,
				29F799E62CDA44BC00734846 /* catagory.json in Resources */,
			);
			runOnlyForDeploymentPostprocessing = 0;
		};
/* End PBXResourcesBuildPhase section */

/* Begin PBXSourcesBuildPhase section */
		29A628592CAAC7DD00578275 /* Sources */ = {
			isa = PBXSourcesBuildPhase;
			buildActionMask = 2147483647;
			files = (
				29F799DB2CDA44BC00734846 /* CultreAppApp.swift in Sources */,
				29F799DC2CDA44BC00734846 /* CountryModel.swift in Sources */,
				291532872CE0EDBA006D72EE /* SwiftUIView.swift in Sources */,
				29F799DD2CDA44BC00734846 /* CountryListView.swift in Sources */,
				29F799DE2CDA44BC00734846 /* GifImage.swift in Sources */,
				29F799DF2CDA44BC00734846 /* DataLoader.swift in Sources */,
				29F799E02CDA44BC00734846 /* CountryDetailView.swift in Sources */,
				29F799E12CDA44BC00734846 /* CounrtyGridView.swift in Sources */,
			);
			runOnlyForDeploymentPostprocessing = 0;
		};
/* End PBXSourcesBuildPhase section */

/* Begin XCBuildConfiguration section */
		29A628692CAAC7DF00578275 /* Debug */ = {
			isa = XCBuildConfiguration;
			buildSettings = {
				ALWAYS_SEARCH_USER_PATHS = NO;
				ASSETCATALOG_COMPILER_GENERATE_SWIFT_ASSET_SYMBOL_EXTENSIONS = YES;
				CLANG_ANALYZER_NONNULL = YES;
				CLANG_ANALYZER_NUMBER_OBJECT_CONVERSION = YES_AGGRESSIVE;
				CLANG_CXX_LANGUAGE_STANDARD = "gnu++20";
				CLANG_ENABLE_MODULES = YES;
				CLANG_ENABLE_OBJC_ARC = YES;
				CLANG_ENABLE_OBJC_WEAK = YES;
				CLANG_WARN_BLOCK_CAPTURE_AUTORELEASING = YES;
				CLANG_WARN_BOOL_CONVERSION = YES;
				CLANG_WARN_COMMA = YES;
				CLANG_WARN_CONSTANT_CONVERSION = YES;
				CLANG_WARN_DEPRECATED_OBJC_IMPLEMENTATIONS = YES;
				CLANG_WARN_DIRECT_OBJC_ISA_USAGE = YES_ERROR;
				CLANG_WARN_DOCUMENTATION_COMMENTS = YES;
				CLANG_WARN_EMPTY_BODY = YES;
				CLANG_WARN_ENUM_CONVERSION = YES;
				CLANG_WARN_INFINITE_RECURSION = YES;
				CLANG_WARN_INT_CONVERSION = YES;
				CLANG_WARN_NON_LITERAL_NULL_CONVERSION = YES;
				CLANG_WARN_OBJC_IMPLICIT_RETAIN_SELF = YES;
				CLANG_WARN_OBJC_LITERAL_CONVERSION = YES;
				CLANG_WARN_OBJC_ROOT_CLASS = YES_ERROR;
				CLANG_WARN_QUOTED_INCLUDE_IN_FRAMEWORK_HEADER = YES;
				CLANG_WARN_RANGE_LOOP_ANALYSIS = YES;
				CLANG_WARN_STRICT_PROTOTYPES = YES;
				CLANG_WARN_SUSPICIOUS_MOVE = YES;
				CLANG_WARN_UNGUARDED_AVAILABILITY = YES_AGGRESSIVE;
				CLANG_WARN_UNREACHABLE_CODE = YES;
				CLANG_WARN__DUPLICATE_METHOD_MATCH = YES;
				COPY_PHASE_STRIP = NO;
				DEBUG_INFORMATION_FORMAT = dwarf;
				ENABLE_STRICT_OBJC_MSGSEND = YES;
				ENABLE_TESTABILITY = YES;
				ENABLE_USER_SCRIPT_SANDBOXING = YES;
				GCC_C_LANGUAGE_STANDARD = gnu17;
				GCC_DYNAMIC_NO_PIC = NO;
				GCC_NO_COMMON_BLOCKS = YES;
				GCC_OPTIMIZATION_LEVEL = 0;
				GCC_PREPROCESSOR_DEFINITIONS = (
					"DEBUG=1",
					"$(inherited)",
				);
				GCC_WARN_64_TO_32_BIT_CONVERSION = YES;
				GCC_WARN_ABOUT_RETURN_TYPE = YES_ERROR;
				GCC_WARN_UNDECLARED_SELECTOR = YES;
				GCC_WARN_UNINITIALIZED_AUTOS = YES_AGGRESSIVE;
				GCC_WARN_UNUSED_FUNCTION = YES;
				GCC_WARN_UNUSED_VARIABLE = YES;
				IPHONEOS_DEPLOYMENT_TARGET = 18.0;
				LOCALIZATION_PREFERS_STRING_CATALOGS = YES;
				MTL_ENABLE_DEBUG_INFO = INCLUDE_SOURCE;
				MTL_FAST_MATH = YES;
				ONLY_ACTIVE_ARCH = YES;
				SDKROOT = iphoneos;
				SWIFT_ACTIVE_COMPILATION_CONDITIONS = "DEBUG $(inherited)";
				SWIFT_OPTIMIZATION_LEVEL = "-Onone";
			};
			name = Debug;
		};
		29A6286A2CAAC7DF00578275 /* Release */ = {
			isa = XCBuildConfiguration;
			buildSettings = {
				ALWAYS_SEARCH_USER_PATHS = NO;
				ASSETCATALOG_COMPILER_GENERATE_SWIFT_ASSET_SYMBOL_EXTENSIONS = YES;
				CLANG_ANALYZER_NONNULL = YES;
				CLANG_ANALYZER_NUMBER_OBJECT_CONVERSION = YES_AGGRESSIVE;
				CLANG_CXX_LANGUAGE_STANDARD = "gnu++20";
				CLANG_ENABLE_MODULES = YES;
				CLANG_ENABLE_OBJC_ARC = YES;
				CLANG_ENABLE_OBJC_WEAK = YES;
				CLANG_WARN_BLOCK_CAPTURE_AUTORELEASING = YES;
				CLANG_WARN_BOOL_CONVERSION = YES;
				CLANG_WARN_COMMA = YES;
				CLANG_WARN_CONSTANT_CONVERSION = YES;
				CLANG_WARN_DEPRECATED_OBJC_IMPLEMENTATIONS = YES;
				CLANG_WARN_DIRECT_OBJC_ISA_USAGE = YES_ERROR;
				CLANG_WARN_DOCUMENTATION_COMMENTS = YES;
				CLANG_WARN_EMPTY_BODY = YES;
				CLANG_WARN_ENUM_CONVERSION = YES;
				CLANG_WARN_INFINITE_RECURSION = YES;
				CLANG_WARN_INT_CONVERSION = YES;
				CLANG_WARN_NON_LITERAL_NULL_CONVERSION = YES;
				CLANG_WARN_OBJC_IMPLICIT_RETAIN_SELF = YES;
				CLANG_WARN_OBJC_LITERAL_CONVERSION = YES;
				CLANG_WARN_OBJC_ROOT_CLASS = YES_ERROR;
				CLANG_WARN_QUOTED_INCLUDE_IN_FRAMEWORK_HEADER = YES;
				CLANG_WARN_RANGE_LOOP_ANALYSIS = YES;
				CLANG_WARN_STRICT_PROTOTYPES = YES;
				CLANG_WARN_SUSPICIOUS_MOVE = YES;
				CLANG_WARN_UNGUARDED_AVAILABILITY = YES_AGGRESSIVE;
				CLANG_WARN_UNREACHABLE_CODE = YES;
				CLANG_WARN__DUPLICATE_METHOD_MATCH = YES;
				COPY_PHASE_STRIP = NO;
				DEBUG_INFORMATION_FORMAT = "dwarf-with-dsym";
				ENABLE_NS_ASSERTIONS = NO;
				ENABLE_STRICT_OBJC_MSGSEND = YES;
				ENABLE_USER_SCRIPT_SANDBOXING = YES;
				GCC_C_LANGUAGE_STANDARD = gnu17;
				GCC_NO_COMMON_BLOCKS = YES;
				GCC_WARN_64_TO_32_BIT_CONVERSION = YES;
				GCC_WARN_ABOUT_RETURN_TYPE = YES_ERROR;
				GCC_WARN_UNDECLARED_SELECTOR = YES;
				GCC_WARN_UNINITIALIZED_AUTOS = YES_AGGRESSIVE;
				GCC_WARN_UNUSED_FUNCTION = YES;
				GCC_WARN_UNUSED_VARIABLE = YES;
				IPHONEOS_DEPLOYMENT_TARGET = 18.0;
				LOCALIZATION_PREFERS_STRING_CATALOGS = YES;
				MTL_ENABLE_DEBUG_INFO = NO;
				MTL_FAST_MATH = YES;
				SDKROOT = iphoneos;
				SWIFT_COMPILATION_MODE = wholemodule;
				VALIDATE_PRODUCT = YES;
			};
			name = Release;
		};
		29A6286C2CAAC7DF00578275 /* Debug */ = {
			isa = XCBuildConfiguration;
			buildSettings = {
				ASSETCATALOG_COMPILER_APPICON_NAME = AppIcon;
				ASSETCATALOG_COMPILER_GLOBAL_ACCENT_COLOR_NAME = AccentColor;
				CLANG_ENABLE_MODULES = YES;
				CODE_SIGN_STYLE = Automatic;
				CURRENT_PROJECT_VERSION = 1;
				DEVELOPMENT_ASSET_PATHS = "\"CultreApp/Preview Content\"";
				DEVELOPMENT_TEAM = PMPNG9FTN5;
				ENABLE_PREVIEWS = YES;
				GENERATE_INFOPLIST_FILE = YES;
				INFOPLIST_KEY_UIApplicationSceneManifest_Generation = YES;
				INFOPLIST_KEY_UIApplicationSupportsIndirectInputEvents = YES;
				INFOPLIST_KEY_UILaunchScreen_Generation = YES;
				INFOPLIST_KEY_UISupportedInterfaceOrientations_iPad = "UIInterfaceOrientationPortrait UIInterfaceOrientationPortraitUpsideDown UIInterfaceOrientationLandscapeLeft UIInterfaceOrientationLandscapeRight";
				INFOPLIST_KEY_UISupportedInterfaceOrientations_iPhone = "UIInterfaceOrientationPortrait UIInterfaceOrientationLandscapeLeft UIInterfaceOrientationLandscapeRight";
				LD_RUNPATH_SEARCH_PATHS = (
					"$(inherited)",
					"@executable_path/Frameworks",
				);
				MARKETING_VERSION = 1.0;
				PRODUCT_BUNDLE_IDENTIFIER = com.manarProjects.CultreApp;
				PRODUCT_NAME = "$(TARGET_NAME)";
				SWIFT_EMIT_LOC_STRINGS = YES;
				SWIFT_OPTIMIZATION_LEVEL = "-Onone";
				SWIFT_VERSION = 5.0;
				TARGETED_DEVICE_FAMILY = "1,2";
			};
			name = Debug;
		};
		29A6286D2CAAC7DF00578275 /* Release */ = {
			isa = XCBuildConfiguration;
			buildSettings = {
				ASSETCATALOG_COMPILER_APPICON_NAME = AppIcon;
				ASSETCATALOG_COMPILER_GLOBAL_ACCENT_COLOR_NAME = AccentColor;
				CLANG_ENABLE_MODULES = YES;
				CODE_SIGN_STYLE = Automatic;
				CURRENT_PROJECT_VERSION = 1;
				DEVELOPMENT_ASSET_PATHS = "\"CultreApp/Preview Content\"";
				DEVELOPMENT_TEAM = PMPNG9FTN5;
				ENABLE_PREVIEWS = YES;
				GENERATE_INFOPLIST_FILE = YES;
				INFOPLIST_KEY_UIApplicationSceneManifest_Generation = YES;
				INFOPLIST_KEY_UIApplicationSupportsIndirectInputEvents = YES;
				INFOPLIST_KEY_UILaunchScreen_Generation = YES;
				INFOPLIST_KEY_UISupportedInterfaceOrientations_iPad = "UIInterfaceOrientationPortrait UIInterfaceOrientationPortraitUpsideDown UIInterfaceOrientationLandscapeLeft UIInterfaceOrientationLandscapeRight";
				INFOPLIST_KEY_UISupportedInterfaceOrientations_iPhone = "UIInterfaceOrientationPortrait UIInterfaceOrientationLandscapeLeft UIInterfaceOrientationLandscapeRight";
				LD_RUNPATH_SEARCH_PATHS = (
					"$(inherited)",
					"@executable_path/Frameworks",
				);
				MARKETING_VERSION = 1.0;
				PRODUCT_BUNDLE_IDENTIFIER = com.manarProjects.CultreApp;
				PRODUCT_NAME = "$(TARGET_NAME)";
				SWIFT_EMIT_LOC_STRINGS = YES;
				SWIFT_VERSION = 5.0;
				TARGETED_DEVICE_FAMILY = "1,2";
			};
			name = Release;
		};
/* End XCBuildConfiguration section */

/* Begin XCConfigurationList section */
		29A628582CAAC7DD00578275 /* Build configuration list for PBXProject "CultreApp" */ = {
			isa = XCConfigurationList;
			buildConfigurations = (
				29A628692CAAC7DF00578275 /* Debug */,
				29A6286A2CAAC7DF00578275 /* Release */,
			);
			defaultConfigurationIsVisible = 0;
			defaultConfigurationName = Release;
		};
		29A6286B2CAAC7DF00578275 /* Build configuration list for PBXNativeTarget "CultreApp" */ = {
			isa = XCConfigurationList;
			buildConfigurations = (
				29A6286C2CAAC7DF00578275 /* Debug */,
				29A6286D2CAAC7DF00578275 /* Release */,
			);
			defaultConfigurationIsVisible = 0;
			defaultConfigurationName = Release;
		};
/* End XCConfigurationList section */
	};
	rootObject = 29A628552CAAC7DD00578275 /* Project object */;
}
